// !$*UTF8*$!
{
	archiveVersion = 1;
	classes = {
	};
	objectVersion = 46;
	objects = {

/* Begin PBXBuildFile section */
		62308F9CFB5C68119A6401B4 /* Pods_ForgeBank.framework in Frameworks */ = {isa = PBXBuildFile; fileRef = 4646E2DB4CD1BBA92E0AA5F8 /* Pods_ForgeBank.framework */; };
		93CD0D36227C7DD5005655E1 /* FRPushUtils.swift in Sources */ = {isa = PBXBuildFile; fileRef = 93CD0D35227C7DD5005655E1 /* FRPushUtils.swift */; };
		93DFF1011D99178300225F93 /* AppDelegate.swift in Sources */ = {isa = PBXBuildFile; fileRef = 93DFF0F61D99178300225F93 /* AppDelegate.swift */; };
		93DFF1081D99178300225F93 /* ViewController.swift in Sources */ = {isa = PBXBuildFile; fileRef = 93DFF0FD1D99178300225F93 /* ViewController.swift */; };
		93DFF10A1D99178300225F93 /* Assets.xcassets in Resources */ = {isa = PBXBuildFile; fileRef = 93DFF0FF1D99178300225F93 /* Assets.xcassets */; };
		93DFF10B1D99178300225F93 /* Settings.bundle in Resources */ = {isa = PBXBuildFile; fileRef = 93DFF1001D99178300225F93 /* Settings.bundle */; };
		F024FFA91B8E26D5006885A8 /* Main.storyboard in Resources */ = {isa = PBXBuildFile; fileRef = F024FFA71B8E26D5006885A8 /* Main.storyboard */; };
/* End PBXBuildFile section */

/* Begin PBXFileReference section */
		4646E2DB4CD1BBA92E0AA5F8 /* Pods_ForgeBank.framework */ = {isa = PBXFileReference; explicitFileType = wrapper.framework; includeInIndex = 0; path = Pods_ForgeBank.framework; sourceTree = BUILT_PRODUCTS_DIR; };
		7A46C31E50529D3F09E9135D /* Pods-ForgeBank.release.xcconfig */ = {isa = PBXFileReference; includeInIndex = 1; lastKnownFileType = text.xcconfig; name = "Pods-ForgeBank.release.xcconfig"; path = "Target Support Files/Pods-ForgeBank/Pods-ForgeBank.release.xcconfig"; sourceTree = "<group>"; };
		84544E535F83DDBD8DB6AD89 /* Pods-ForgeBank.debug.xcconfig */ = {isa = PBXFileReference; includeInIndex = 1; lastKnownFileType = text.xcconfig; name = "Pods-ForgeBank.debug.xcconfig"; path = "Target Support Files/Pods-ForgeBank/Pods-ForgeBank.debug.xcconfig"; sourceTree = "<group>"; };
		93A7D03822782DF300A0C8EA /* BridgingHeader.h */ = {isa = PBXFileReference; lastKnownFileType = sourcecode.c.h; path = BridgingHeader.h; sourceTree = "<group>"; };
		93CD0D35227C7DD5005655E1 /* FRPushUtils.swift */ = {isa = PBXFileReference; lastKnownFileType = sourcecode.swift; path = FRPushUtils.swift; sourceTree = "<group>"; };
		93DFF0F61D99178300225F93 /* AppDelegate.swift */ = {isa = PBXFileReference; fileEncoding = 4; lastKnownFileType = sourcecode.swift; path = AppDelegate.swift; sourceTree = "<group>"; };
		93DFF0F81D99178300225F93 /* Info.plist */ = {isa = PBXFileReference; fileEncoding = 4; lastKnownFileType = text.plist.xml; path = Info.plist; sourceTree = "<group>"; };
		93DFF0FD1D99178300225F93 /* ViewController.swift */ = {isa = PBXFileReference; fileEncoding = 4; lastKnownFileType = sourcecode.swift; path = ViewController.swift; sourceTree = "<group>"; };
		93DFF0FF1D99178300225F93 /* Assets.xcassets */ = {isa = PBXFileReference; lastKnownFileType = folder.assetcatalog; path = Assets.xcassets; sourceTree = "<group>"; };
		93DFF1001D99178300225F93 /* Settings.bundle */ = {isa = PBXFileReference; lastKnownFileType = "wrapper.plug-in"; path = Settings.bundle; sourceTree = "<group>"; };
		F024FFA01B8E26D5006885A8 /* Forge Bank.app */ = {isa = PBXFileReference; explicitFileType = wrapper.application; includeInIndex = 0; path = "Forge Bank.app"; sourceTree = BUILT_PRODUCTS_DIR; };
		F024FFA81B8E26D5006885A8 /* Base */ = {isa = PBXFileReference; lastKnownFileType = file.storyboard; name = Base; path = Base.lproj/Main.storyboard; sourceTree = "<group>"; };
/* End PBXFileReference section */

/* Begin PBXFrameworksBuildPhase section */
		F024FF9D1B8E26D5006885A8 /* Frameworks */ = {
			isa = PBXFrameworksBuildPhase;
			buildActionMask = 2147483647;
			files = (
				62308F9CFB5C68119A6401B4 /* Pods_ForgeBank.framework in Frameworks */,
			);
			runOnlyForDeploymentPostprocessing = 0;
		};
/* End PBXFrameworksBuildPhase section */

/* Begin PBXGroup section */
		8471C9A6E6BE31BB374911B6 /* Pods */ = {
			isa = PBXGroup;
			children = (
				84544E535F83DDBD8DB6AD89 /* Pods-ForgeBank.debug.xcconfig */,
				7A46C31E50529D3F09E9135D /* Pods-ForgeBank.release.xcconfig */,
			);
			path = Pods;
			sourceTree = "<group>";
		};
		939C44D3223D6EEC00186C66 /* Resources */ = {
			isa = PBXGroup;
			children = (
				93DFF0F81D99178300225F93 /* Info.plist */,
				93DFF0FF1D99178300225F93 /* Assets.xcassets */,
				93DFF1001D99178300225F93 /* Settings.bundle */,
			);
			name = Resources;
			sourceTree = "<group>";
		};
		939C44D4223D6F1000186C66 /* StoryBoards */ = {
			isa = PBXGroup;
			children = (
				F024FFA71B8E26D5006885A8 /* Main.storyboard */,
			);
			name = StoryBoards;
			sourceTree = "<group>";
		};
		A0AD889E4780FF590E3F4FC3 /* Frameworks */ = {
			isa = PBXGroup;
			children = (
				4646E2DB4CD1BBA92E0AA5F8 /* Pods_ForgeBank.framework */,
			);
			name = Frameworks;
			sourceTree = "<group>";
		};
		F024FF971B8E26D5006885A8 = {
			isa = PBXGroup;
			children = (
				F024FFA21B8E26D5006885A8 /* ForgeBank */,
				F024FFA11B8E26D5006885A8 /* Products */,
				8471C9A6E6BE31BB374911B6 /* Pods */,
				A0AD889E4780FF590E3F4FC3 /* Frameworks */,
			);
			sourceTree = "<group>";
		};
		F024FFA11B8E26D5006885A8 /* Products */ = {
			isa = PBXGroup;
			children = (
				F024FFA01B8E26D5006885A8 /* Forge Bank.app */,
			);
			name = Products;
			sourceTree = "<group>";
		};
		F024FFA21B8E26D5006885A8 /* ForgeBank */ = {
			isa = PBXGroup;
			children = (
				93DFF0F61D99178300225F93 /* AppDelegate.swift */,
				93A7D03822782DF300A0C8EA /* BridgingHeader.h */,
				93CD0D35227C7DD5005655E1 /* FRPushUtils.swift */,
				93DFF0FD1D99178300225F93 /* ViewController.swift */,
				939C44D3223D6EEC00186C66 /* Resources */,
				939C44D4223D6F1000186C66 /* StoryBoards */,
			);
			path = ForgeBank;
			sourceTree = "<group>";
		};
/* End PBXGroup section */

/* Begin PBXNativeTarget section */
		F024FF9F1B8E26D5006885A8 /* ForgeBank */ = {
			isa = PBXNativeTarget;
			buildConfigurationList = F024FFB21B8E26D5006885A8 /* Build configuration list for PBXNativeTarget "ForgeBank" */;
			buildPhases = (
				FC4A63CC798B652ED87A11BB /* [CP] Check Pods Manifest.lock */,
				F024FF9C1B8E26D5006885A8 /* Sources */,
				F024FF9D1B8E26D5006885A8 /* Frameworks */,
				F024FF9E1B8E26D5006885A8 /* Resources */,
				9E154B373794CF04E52C84AA /* [CP] Embed Pods Frameworks */,
			);
			buildRules = (
			);
			dependencies = (
			);
			name = ForgeBank;
			productName = NAPPS;
			productReference = F024FFA01B8E26D5006885A8 /* Forge Bank.app */;
			productType = "com.apple.product-type.application";
		};
/* End PBXNativeTarget section */

/* Begin PBXProject section */
		F024FF981B8E26D5006885A8 /* Project object */ = {
			isa = PBXProject;
			attributes = {
				KnownAssetTags = (
					0,
					1,
				);
				LastUpgradeCheck = 0700;
				ORGANIZATIONNAME = "Identity Hipsters";
				TargetAttributes = {
					F024FF9F1B8E26D5006885A8 = {
						CreatedOnToolsVersion = 7.0;
						DevelopmentTeam = JV6EC9KSN3;
						LastSwiftMigration = 1010;
						ProvisioningStyle = Manual;
						SystemCapabilities = {
							com.apple.Push = {
								enabled = 1;
							};
						};
					};
				};
			};
			buildConfigurationList = F024FF9B1B8E26D5006885A8 /* Build configuration list for PBXProject "ForgeBank" */;
			compatibilityVersion = "Xcode 3.2";
			developmentRegion = English;
			hasScannedForEncodings = 0;
			knownRegions = (
				English,
				en,
				Base,
			);
			mainGroup = F024FF971B8E26D5006885A8;
			productRefGroup = F024FFA11B8E26D5006885A8 /* Products */;
			projectDirPath = "";
			projectRoot = "";
			targets = (
				F024FF9F1B8E26D5006885A8 /* ForgeBank */,
			);
		};
/* End PBXProject section */

/* Begin PBXResourcesBuildPhase section */
		F024FF9E1B8E26D5006885A8 /* Resources */ = {
			isa = PBXResourcesBuildPhase;
			buildActionMask = 2147483647;
			files = (
				F024FFA91B8E26D5006885A8 /* Main.storyboard in Resources */,
				93DFF10B1D99178300225F93 /* Settings.bundle in Resources */,
				93DFF10A1D99178300225F93 /* Assets.xcassets in Resources */,
			);
			runOnlyForDeploymentPostprocessing = 0;
		};
/* End PBXResourcesBuildPhase section */

/* Begin PBXShellScriptBuildPhase section */
		9E154B373794CF04E52C84AA /* [CP] Embed Pods Frameworks */ = {
			isa = PBXShellScriptBuildPhase;
			buildActionMask = 2147483647;
			files = (
			);
			inputFileListPaths = (
			);
			inputPaths = (
				"${PODS_ROOT}/Target Support Files/Pods-ForgeBank/Pods-ForgeBank-frameworks.sh",
				"${BUILT_PRODUCTS_DIR}/JSONWebToken/JWT.framework",
				"${BUILT_PRODUCTS_DIR}/SwiftyJSON/SwiftyJSON.framework",
			);
			name = "[CP] Embed Pods Frameworks";
			outputFileListPaths = (
			);
			outputPaths = (
				"${TARGET_BUILD_DIR}/${FRAMEWORKS_FOLDER_PATH}/JWT.framework",
				"${TARGET_BUILD_DIR}/${FRAMEWORKS_FOLDER_PATH}/SwiftyJSON.framework",
			);
			runOnlyForDeploymentPostprocessing = 0;
			shellPath = /bin/sh;
			shellScript = "\"${PODS_ROOT}/Target Support Files/Pods-ForgeBank/Pods-ForgeBank-frameworks.sh\"\n";
			showEnvVarsInLog = 0;
		};
		FC4A63CC798B652ED87A11BB /* [CP] Check Pods Manifest.lock */ = {
			isa = PBXShellScriptBuildPhase;
			buildActionMask = 2147483647;
			files = (
			);
			inputFileListPaths = (
			);
			inputPaths = (
				"${PODS_PODFILE_DIR_PATH}/Podfile.lock",
				"${PODS_ROOT}/Manifest.lock",
			);
			name = "[CP] Check Pods Manifest.lock";
			outputFileListPaths = (
			);
			outputPaths = (
				"$(DERIVED_FILE_DIR)/Pods-ForgeBank-checkManifestLockResult.txt",
			);
			runOnlyForDeploymentPostprocessing = 0;
			shellPath = /bin/sh;
			shellScript = "diff \"${PODS_PODFILE_DIR_PATH}/Podfile.lock\" \"${PODS_ROOT}/Manifest.lock\" > /dev/null\nif [ $? != 0 ] ; then\n    # print error to STDERR\n    echo \"error: The sandbox is not in sync with the Podfile.lock. Run 'pod install' or update your CocoaPods installation.\" >&2\n    exit 1\nfi\n# This output is used by Xcode 'outputs' to avoid re-running this script phase.\necho \"SUCCESS\" > \"${SCRIPT_OUTPUT_FILE_0}\"\n";
			showEnvVarsInLog = 0;
		};
/* End PBXShellScriptBuildPhase section */

/* Begin PBXSourcesBuildPhase section */
		F024FF9C1B8E26D5006885A8 /* Sources */ = {
			isa = PBXSourcesBuildPhase;
			buildActionMask = 2147483647;
			files = (
				93DFF1081D99178300225F93 /* ViewController.swift in Sources */,
				93CD0D36227C7DD5005655E1 /* FRPushUtils.swift in Sources */,
				93DFF1011D99178300225F93 /* AppDelegate.swift in Sources */,
			);
			runOnlyForDeploymentPostprocessing = 0;
		};
/* End PBXSourcesBuildPhase section */

/* Begin PBXVariantGroup section */
		F024FFA71B8E26D5006885A8 /* Main.storyboard */ = {
			isa = PBXVariantGroup;
			children = (
				F024FFA81B8E26D5006885A8 /* Base */,
			);
			name = Main.storyboard;
			sourceTree = "<group>";
		};
/* End PBXVariantGroup section */

/* Begin XCBuildConfiguration section */
		F024FFB01B8E26D5006885A8 /* Debug */ = {
			isa = XCBuildConfiguration;
			buildSettings = {
				ALWAYS_SEARCH_USER_PATHS = NO;
				CLANG_CXX_LANGUAGE_STANDARD = "gnu++0x";
				CLANG_CXX_LIBRARY = "libc++";
				CLANG_ENABLE_MODULES = YES;
				CLANG_ENABLE_OBJC_ARC = YES;
				CLANG_WARN_BOOL_CONVERSION = YES;
				CLANG_WARN_CONSTANT_CONVERSION = YES;
				CLANG_WARN_DIRECT_OBJC_ISA_USAGE = YES_ERROR;
				CLANG_WARN_EMPTY_BODY = YES;
				CLANG_WARN_ENUM_CONVERSION = YES;
				CLANG_WARN_INT_CONVERSION = YES;
				CLANG_WARN_OBJC_ROOT_CLASS = YES_ERROR;
				CLANG_WARN_UNREACHABLE_CODE = YES;
				CLANG_WARN__DUPLICATE_METHOD_MATCH = YES;
				"CODE_SIGN_IDENTITY[sdk=iphoneos*]" = "iPhone Developer";
				COPY_PHASE_STRIP = NO;
				DEBUG_INFORMATION_FORMAT = dwarf;
				ENABLE_STRICT_OBJC_MSGSEND = YES;
				ENABLE_TESTABILITY = YES;
				GCC_C_LANGUAGE_STANDARD = gnu99;
				GCC_DYNAMIC_NO_PIC = NO;
				GCC_NO_COMMON_BLOCKS = YES;
				GCC_OPTIMIZATION_LEVEL = 0;
				GCC_PREPROCESSOR_DEFINITIONS = (
					"DEBUG=1",
					"$(inherited)",
				);
				GCC_WARN_64_TO_32_BIT_CONVERSION = YES;
				GCC_WARN_ABOUT_RETURN_TYPE = YES_ERROR;
				GCC_WARN_UNDECLARED_SELECTOR = YES;
				GCC_WARN_UNINITIALIZED_AUTOS = YES_AGGRESSIVE;
				GCC_WARN_UNUSED_FUNCTION = YES;
				GCC_WARN_UNUSED_VARIABLE = YES;
				IPHONEOS_DEPLOYMENT_TARGET = 9.0;
				MTL_ENABLE_DEBUG_INFO = YES;
				ONLY_ACTIVE_ARCH = YES;
				SDKROOT = iphoneos;
				SWIFT_OPTIMIZATION_LEVEL = "-Onone";
				TARGETED_DEVICE_FAMILY = 2;
			};
			name = Debug;
		};
		F024FFB11B8E26D5006885A8 /* Release */ = {
			isa = XCBuildConfiguration;
			buildSettings = {
				ALWAYS_SEARCH_USER_PATHS = NO;
				CLANG_CXX_LANGUAGE_STANDARD = "gnu++0x";
				CLANG_CXX_LIBRARY = "libc++";
				CLANG_ENABLE_MODULES = YES;
				CLANG_ENABLE_OBJC_ARC = YES;
				CLANG_WARN_BOOL_CONVERSION = YES;
				CLANG_WARN_CONSTANT_CONVERSION = YES;
				CLANG_WARN_DIRECT_OBJC_ISA_USAGE = YES_ERROR;
				CLANG_WARN_EMPTY_BODY = YES;
				CLANG_WARN_ENUM_CONVERSION = YES;
				CLANG_WARN_INT_CONVERSION = YES;
				CLANG_WARN_OBJC_ROOT_CLASS = YES_ERROR;
				CLANG_WARN_UNREACHABLE_CODE = YES;
				CLANG_WARN__DUPLICATE_METHOD_MATCH = YES;
				"CODE_SIGN_IDENTITY[sdk=iphoneos*]" = "iPhone Developer";
				COPY_PHASE_STRIP = NO;
				DEBUG_INFORMATION_FORMAT = "dwarf-with-dsym";
				ENABLE_NS_ASSERTIONS = NO;
				ENABLE_STRICT_OBJC_MSGSEND = YES;
				GCC_C_LANGUAGE_STANDARD = gnu99;
				GCC_NO_COMMON_BLOCKS = YES;
				GCC_WARN_64_TO_32_BIT_CONVERSION = YES;
				GCC_WARN_ABOUT_RETURN_TYPE = YES_ERROR;
				GCC_WARN_UNDECLARED_SELECTOR = YES;
				GCC_WARN_UNINITIALIZED_AUTOS = YES_AGGRESSIVE;
				GCC_WARN_UNUSED_FUNCTION = YES;
				GCC_WARN_UNUSED_VARIABLE = YES;
				IPHONEOS_DEPLOYMENT_TARGET = 9.0;
				MTL_ENABLE_DEBUG_INFO = NO;
				SDKROOT = iphoneos;
				TARGETED_DEVICE_FAMILY = 2;
				VALIDATE_PRODUCT = YES;
			};
			name = Release;
		};
		F024FFB31B8E26D5006885A8 /* Debug */ = {
			isa = XCBuildConfiguration;
			baseConfigurationReference = 84544E535F83DDBD8DB6AD89 /* Pods-ForgeBank.debug.xcconfig */;
			buildSettings = {
				CLANG_ENABLE_MODULES = YES;
				CODE_SIGN_ENTITLEMENTS = "ForgeBank/Forge Bank.entitlements";
				CODE_SIGN_IDENTITY = "iPhone Developer";
				"CODE_SIGN_IDENTITY[sdk=iphoneos*]" = "iPhone Distribution";
				CODE_SIGN_STYLE = Manual;
				DEVELOPMENT_TEAM = JV6EC9KSN3;
				INFOPLIST_FILE = ForgeBank/Info.plist;
				IPHONEOS_DEPLOYMENT_TARGET = 9.0;
				LD_RUNPATH_SEARCH_PATHS = "$(inherited) @executable_path/Frameworks";
				PRODUCT_BUNDLE_IDENTIFIER = com.jonk.ForgeBank;
				PRODUCT_NAME = "Forge Bank";
				PROVISIONING_PROFILE = "";
				PROVISIONING_PROFILE_SPECIFIER = "ForgeBank Mobile Enterprise";
				"SWIFT_OBJC_BRIDGING_HEADER[arch=*]" = ForgeBank/BridgingHeader.h;
				SWIFT_OPTIMIZATION_LEVEL = "-Onone";
				SWIFT_SWIFT3_OBJC_INFERENCE = On;
				SWIFT_VERSION = 4.2;
				TARGETED_DEVICE_FAMILY = "1,2";
			};
			name = Debug;
		};
		F024FFB41B8E26D5006885A8 /* Release */ = {
			isa = XCBuildConfiguration;
			baseConfigurationReference = 7A46C31E50529D3F09E9135D /* Pods-ForgeBank.release.xcconfig */;
			buildSettings = {
				CLANG_ENABLE_MODULES = YES;
				CODE_SIGN_ENTITLEMENTS = "ForgeBank/Forge Bank.entitlements";
				CODE_SIGN_IDENTITY = "iPhone Developer";
				"CODE_SIGN_IDENTITY[sdk=iphoneos*]" = "iPhone Distribution";
				CODE_SIGN_STYLE = Manual;
				DEVELOPMENT_TEAM = JV6EC9KSN3;
				INFOPLIST_FILE = ForgeBank/Info.plist;
				IPHONEOS_DEPLOYMENT_TARGET = 9.0;
				LD_RUNPATH_SEARCH_PATHS = "$(inherited) @executable_path/Frameworks";
				PRODUCT_BUNDLE_IDENTIFIER = com.jonk.ForgeBank;
				PRODUCT_NAME = "Forge Bank";
				PROVISIONING_PROFILE = "";
				PROVISIONING_PROFILE_SPECIFIER = "ForgeBank Mobile Enterprise";
				"SWIFT_OBJC_BRIDGING_HEADER[arch=*]" = ForgeBank/BridgingHeader.h;
				SWIFT_SWIFT3_OBJC_INFERENCE = On;
				SWIFT_VERSION = 4.2;
				TARGETED_DEVICE_FAMILY = "1,2";
			};
			name = Release;
		};
/* End XCBuildConfiguration section */

/* Begin XCConfigurationList section */
		F024FF9B1B8E26D5006885A8 /* Build configuration list for PBXProject "ForgeBank" */ = {
			isa = XCConfigurationList;
			buildConfigurations = (
				F024FFB01B8E26D5006885A8 /* Debug */,
				F024FFB11B8E26D5006885A8 /* Release */,
			);
			defaultConfigurationIsVisible = 0;
			defaultConfigurationName = Release;
		};
		F024FFB21B8E26D5006885A8 /* Build configuration list for PBXNativeTarget "ForgeBank" */ = {
			isa = XCConfigurationList;
			buildConfigurations = (
				F024FFB31B8E26D5006885A8 /* Debug */,
				F024FFB41B8E26D5006885A8 /* Release */,
			);
			defaultConfigurationIsVisible = 0;
			defaultConfigurationName = Release;
		};
/* End XCConfigurationList section */
	};
	rootObject = F024FF981B8E26D5006885A8 /* Project object */;
}
